
Microsoft Visual Studio Solution File, Format Version 12.00
# Visual Studio Version 17
VisualStudioVersion = 17.4.33122.133
MinimumVisualStudioVersion = 10.0.40219.1
Project("{8BC9CEB8-8B4A-11D0-8D11-00A0C91BC942}") = "ParallelCuda_", "ParallelCuda_.vcxproj", "{B1EBD9F0-0A86-49BE-AEE9-5ADD27A59E2A}"
EndProject
Global
	GlobalSection(SolutionConfigurationPlatforms) = preSolution
		Debug|x64 = Debug|x64
		Release|x64 = Release|x64
	EndGlobalSection
	GlobalSection(ProjectConfigurationPlatforms) = postSolution
		{B1EBD9F0-0A86-49BE-AEE9-5ADD27A59E2A}.Debug|x64.ActiveCfg = Debug|x64
		{B1EBD9F0-0A86-49BE-AEE9-5ADD27A59E2A}.Debug|x64.Build.0 = Debug|x64
		{B1EBD9F0-0A86-49BE-AEE9-5ADD27A59E2A}.Release|x64.ActiveCfg = Release|x64
		{B1EBD9F0-0A86-49BE-AEE9-5ADD27A59E2A}.Release|x64.Build.0 = Release|x64
	EndGlobalSection
	GlobalSection(SolutionProperties) = preSolution
		HideSolutionNode = FALSE
	EndGlobalSection
	GlobalSection(ExtensibilityGlobals) = postSolution
		SolutionGuid = {D2382B5C-003E-4E06-9ADC-B2C16799FF36}
	EndGlobalSection
EndGlobal
